
Microsoft Visual Studio Solution File, Format Version 12.00
# Visual Studio 14
VisualStudioVersion = 14.0.24720.0
MinimumVisualStudioVersion = 10.0.40219.1
Project("{FAE04EC0-301F-11D3-BF4B-00C04F79EFBC}") = "X5BaasService", "X5BaasService.csproj", "{58D0B787-9C79-4B8A-84A3-88CD0303E8EC}"
EndProject
Global
	GlobalSection(SolutionConfigurationPlatforms) = preSolution
		Debug|Any CPU = Debug|Any CPU
		Release|Any CPU = Release|Any CPU
		Test|Any CPU = Test|Any CPU
	EndGlobalSection
	GlobalSection(ProjectConfigurationPlatforms) = postSolution
		{58D0B787-9C79-4B8A-84A3-88CD0303E8EC}.Debug|Any CPU.ActiveCfg = Debug|Any CPU
		{58D0B787-9C79-4B8A-84A3-88CD0303E8EC}.Debug|Any CPU.Build.0 = Debug|Any CPU
		{58D0B787-9C79-4B8A-84A3-88CD0303E8EC}.Release|Any CPU.ActiveCfg = Release|Any CPU
		{58D0B787-9C79-4B8A-84A3-88CD0303E8EC}.Release|Any CPU.Build.0 = Release|Any CPU
		{58D0B787-9C79-4B8A-84A3-88CD0303E8EC}.Test|Any CPU.ActiveCfg = Release|Any CPU
		{58D0B787-9C79-4B8A-84A3-88CD0303E8EC}.Test|Any CPU.Build.0 = Release|Any CPU
	EndGlobalSection
	GlobalSection(SolutionProperties) = preSolution
		HideSolutionNode = FALSE
	EndGlobalSection
EndGlobal
